
Microsoft Visual Studio Solution File, Format Version 12.00
# Visual Studio 15
VisualStudioVersion = 15.0.26730.8
MinimumVisualStudioVersion = 10.0.40219.1
Project("{FAE04EC0-301F-11D3-BF4B-00C04F79EFBC}") = "nextGenAPI", "nextGenAPI\nextGenAPI.csproj", "{61BCF732-063B-4FBE-BAAC-933D4F9E05DD}"
EndProject
Project("{FAE04EC0-301F-11D3-BF4B-00C04F79EFBC}") = "nextGenAPI.Tests", "nextGenAPI.Tests\nextGenAPI.Tests.csproj", "{63890461-B989-4F0F-9901-C816C54E9D97}"
EndProject
Global
	GlobalSection(SolutionConfigurationPlatforms) = preSolution
		Debug|Any CPU = Debug|Any CPU
		Release|Any CPU = Release|Any CPU
	EndGlobalSection
	GlobalSection(ProjectConfigurationPlatforms) = postSolution
		{61BCF732-063B-4FBE-BAAC-933D4F9E05DD}.Debug|Any CPU.ActiveCfg = Debug|Any CPU
		{61BCF732-063B-4FBE-BAAC-933D4F9E05DD}.Debug|Any CPU.Build.0 = Debug|Any CPU
		{61BCF732-063B-4FBE-BAAC-933D4F9E05DD}.Release|Any CPU.ActiveCfg = Release|Any CPU
		{61BCF732-063B-4FBE-BAAC-933D4F9E05DD}.Release|Any CPU.Build.0 = Release|Any CPU
		{63890461-B989-4F0F-9901-C816C54E9D97}.Debug|Any CPU.ActiveCfg = Debug|Any CPU
		{63890461-B989-4F0F-9901-C816C54E9D97}.Debug|Any CPU.Build.0 = Debug|Any CPU
		{63890461-B989-4F0F-9901-C816C54E9D97}.Release|Any CPU.ActiveCfg = Release|Any CPU
		{63890461-B989-4F0F-9901-C816C54E9D97}.Release|Any CPU.Build.0 = Release|Any CPU
	EndGlobalSection
	GlobalSection(SolutionProperties) = preSolution
		HideSolutionNode = FALSE
	EndGlobalSection
	GlobalSection(ExtensibilityGlobals) = postSolution
		SolutionGuid = {9CB5D43F-6964-4C1B-AF7D-E9690B3327D7}
	EndGlobalSection
EndGlobal
